
Microsoft Visual Studio Solution File, Format Version 12.00
# Visual Studio Version 17
VisualStudioVersion = 17.5.33530.505
MinimumVisualStudioVersion = 10.0.40219.1
Project("{FAE04EC0-301F-11D3-BF4B-00C04F79EFBC}") = "Dao", "..\Dao\Dao.csproj", "{E61B5F35-654E-4C52-AB48-48C280A7AAA9}"
EndProject
Project("{FAE04EC0-301F-11D3-BF4B-00C04F79EFBC}") = "Logic", "..\Logic\Logic.csproj", "{92059315-3B75-413E-B2FA-4205ACAF2D7C}"
EndProject
Project("{FAE04EC0-301F-11D3-BF4B-00C04F79EFBC}") = "Dom", "..\Dom\Dom.csproj", "{7FC43F7E-1896-4CD4-8620-64E230176A34}"
EndProject
Project("{FAE04EC0-301F-11D3-BF4B-00C04F79EFBC}") = "Services", "..\Services\Services.csproj", "{A3D4B7BA-A229-4ECD-A1E5-699C17CE2803}"
EndProject
Project("{FAE04EC0-301F-11D3-BF4B-00C04F79EFBC}") = "UI", "..\UI\UI.csproj", "{92F021D8-E40D-4949-A6D0-492BE79DCD9F}"
EndProject
Global
	GlobalSection(SolutionConfigurationPlatforms) = preSolution
		Debug|Any CPU = Debug|Any CPU
		Release|Any CPU = Release|Any CPU
	EndGlobalSection
	GlobalSection(ProjectConfigurationPlatforms) = postSolution
		{E61B5F35-654E-4C52-AB48-48C280A7AAA9}.Debug|Any CPU.ActiveCfg = Debug|Any CPU
		{E61B5F35-654E-4C52-AB48-48C280A7AAA9}.Debug|Any CPU.Build.0 = Debug|Any CPU
		{E61B5F35-654E-4C52-AB48-48C280A7AAA9}.Release|Any CPU.ActiveCfg = Release|Any CPU
		{E61B5F35-654E-4C52-AB48-48C280A7AAA9}.Release|Any CPU.Build.0 = Release|Any CPU
		{92059315-3B75-413E-B2FA-4205ACAF2D7C}.Debug|Any CPU.ActiveCfg = Debug|Any CPU
		{92059315-3B75-413E-B2FA-4205ACAF2D7C}.Debug|Any CPU.Build.0 = Debug|Any CPU
		{92059315-3B75-413E-B2FA-4205ACAF2D7C}.Release|Any CPU.ActiveCfg = Release|Any CPU
		{92059315-3B75-413E-B2FA-4205ACAF2D7C}.Release|Any CPU.Build.0 = Release|Any CPU
		{7FC43F7E-1896-4CD4-8620-64E230176A34}.Debug|Any CPU.ActiveCfg = Debug|Any CPU
		{7FC43F7E-1896-4CD4-8620-64E230176A34}.Debug|Any CPU.Build.0 = Debug|Any CPU
		{7FC43F7E-1896-4CD4-8620-64E230176A34}.Release|Any CPU.ActiveCfg = Release|Any CPU
		{7FC43F7E-1896-4CD4-8620-64E230176A34}.Release|Any CPU.Build.0 = Release|Any CPU
		{A3D4B7BA-A229-4ECD-A1E5-699C17CE2803}.Debug|Any CPU.ActiveCfg = Debug|Any CPU
		{A3D4B7BA-A229-4ECD-A1E5-699C17CE2803}.Debug|Any CPU.Build.0 = Debug|Any CPU
		{A3D4B7BA-A229-4ECD-A1E5-699C17CE2803}.Release|Any CPU.ActiveCfg = Release|Any CPU
		{A3D4B7BA-A229-4ECD-A1E5-699C17CE2803}.Release|Any CPU.Build.0 = Release|Any CPU
		{92F021D8-E40D-4949-A6D0-492BE79DCD9F}.Debug|Any CPU.ActiveCfg = Debug|Any CPU
		{92F021D8-E40D-4949-A6D0-492BE79DCD9F}.Debug|Any CPU.Build.0 = Debug|Any CPU
		{92F021D8-E40D-4949-A6D0-492BE79DCD9F}.Release|Any CPU.ActiveCfg = Release|Any CPU
		{92F021D8-E40D-4949-A6D0-492BE79DCD9F}.Release|Any CPU.Build.0 = Release|Any CPU
	EndGlobalSection
	GlobalSection(SolutionProperties) = preSolution
		HideSolutionNode = FALSE
	EndGlobalSection
	GlobalSection(ExtensibilityGlobals) = postSolution
		SolutionGuid = {A2BA742D-5921-4519-BCDF-7B6FB185BB41}
	EndGlobalSection
EndGlobal
